// !$*UTF8*$!
{
	archiveVersion = 1;
	classes = {
	};
	objectVersion = 46;
	objects = {

/* Begin PBXBuildFile section */
		841B11A81EB4D43100B441DE /* main.m in Sources */ = {isa = PBXBuildFile; fileRef = 841B11A71EB4D43100B441DE /* main.m */; };
		841B11B11EB4D43100B441DE /* Main.storyboard in Resources */ = {isa = PBXBuildFile; fileRef = 841B11AF1EB4D43100B441DE /* Main.storyboard */; };
		841B11B31EB4D43100B441DE /* Images.xcassets in Resources */ = {isa = PBXBuildFile; fileRef = 841B11B21EB4D43100B441DE /* Images.xcassets */; };
		841B11B61EB4D43100B441DE /* LaunchScreen.xib in Resources */ = {isa = PBXBuildFile; fileRef = 841B11B41EB4D43100B441DE /* LaunchScreen.xib */; };
		841B11C21EB4D43200B441DE /* JSONPlaceholderTests.m in Sources */ = {isa = PBXBuildFile; fileRef = 841B11C11EB4D43200B441DE /* JSONPlaceholderTests.m */; };
		841B11FF1EB52A8900B441DE /* TransportLayer.m in Sources */ = {isa = PBXBuildFile; fileRef = 841B11FE1EB52A8900B441DE /* TransportLayer.m */; };
		841B120E1EB52B9000B441DE /* AlbumsService.m in Sources */ = {isa = PBXBuildFile; fileRef = 841B12021EB52B9000B441DE /* AlbumsService.m */; };
		841B120F1EB52B9000B441DE /* ComentsService.m in Sources */ = {isa = PBXBuildFile; fileRef = 841B12041EB52B9000B441DE /* ComentsService.m */; };
		841B12101EB52B9000B441DE /* PhotosService.m in Sources */ = {isa = PBXBuildFile; fileRef = 841B12061EB52B9000B441DE /* PhotosService.m */; };
		841B12111EB52B9000B441DE /* PostsService.m in Sources */ = {isa = PBXBuildFile; fileRef = 841B12081EB52B9000B441DE /* PostsService.m */; };
		841B12121EB52B9000B441DE /* TodosService.m in Sources */ = {isa = PBXBuildFile; fileRef = 841B120B1EB52B9000B441DE /* TodosService.m */; };
		841B12131EB52B9000B441DE /* UsersService.m in Sources */ = {isa = PBXBuildFile; fileRef = 841B120D1EB52B9000B441DE /* UsersService.m */; };
		841B12261EB52B9900B441DE /* Address.m in Sources */ = {isa = PBXBuildFile; fileRef = 841B12161EB52B9900B441DE /* Address.m */; };
		841B12271EB52B9900B441DE /* Album.m in Sources */ = {isa = PBXBuildFile; fileRef = 841B12181EB52B9900B441DE /* Album.m */; };
		841B12281EB52B9900B441DE /* Comment.m in Sources */ = {isa = PBXBuildFile; fileRef = 841B121A1EB52B9900B441DE /* Comment.m */; };
		841B12291EB52B9900B441DE /* Company.m in Sources */ = {isa = PBXBuildFile; fileRef = 841B121C1EB52B9900B441DE /* Company.m */; };
		841B122A1EB52B9900B441DE /* Photo.m in Sources */ = {isa = PBXBuildFile; fileRef = 841B121F1EB52B9900B441DE /* Photo.m */; };
		841B122B1EB52B9900B441DE /* Post.m in Sources */ = {isa = PBXBuildFile; fileRef = 841B12211EB52B9900B441DE /* Post.m */; };
		841B122C1EB52B9900B441DE /* Todo.m in Sources */ = {isa = PBXBuildFile; fileRef = 841B12231EB52B9900B441DE /* Todo.m */; };
		841B122D1EB52B9900B441DE /* User.m in Sources */ = {isa = PBXBuildFile; fileRef = 841B12251EB52B9900B441DE /* User.m */; };
		841B12311EB52BA400B441DE /* UsersListViewController.m in Sources */ = {isa = PBXBuildFile; fileRef = 841B12301EB52BA400B441DE /* UsersListViewController.m */; };
		841B12351EB52BAA00B441DE /* AppDelegate.m in Sources */ = {isa = PBXBuildFile; fileRef = 841B12341EB52BAA00B441DE /* AppDelegate.m */; };
		841B12391EB5459D00B441DE /* Constants.m in Sources */ = {isa = PBXBuildFile; fileRef = 841B12381EB5459D00B441DE /* Constants.m */; };
		84A874021EB65A7D0084E031 /* DetailUserViewController.m in Sources */ = {isa = PBXBuildFile; fileRef = 84A874011EB65A7D0084E031 /* DetailUserViewController.m */; };
		84D3B95A1EB8CC94003A6EB8 /* CommentsViewController.m in Sources */ = {isa = PBXBuildFile; fileRef = 84D3B9591EB8CC94003A6EB8 /* CommentsViewController.m */; };
		84D3B95D1EB8E679003A6EB8 /* PostsViewController.m in Sources */ = {isa = PBXBuildFile; fileRef = 84D3B95C1EB8E679003A6EB8 /* PostsViewController.m */; };
		84D3B9681EB95647003A6EB8 /* AlbumsViewController.m in Sources */ = {isa = PBXBuildFile; fileRef = 84D3B9671EB95647003A6EB8 /* AlbumsViewController.m */; };
		84D3B96E1EB95F0C003A6EB8 /* PhotosViewController.m in Sources */ = {isa = PBXBuildFile; fileRef = 84D3B96D1EB95F0C003A6EB8 /* PhotosViewController.m */; };
		84D3B9761EB9EAE5003A6EB8 /* CustomCollectionViewCell.m in Sources */ = {isa = PBXBuildFile; fileRef = 84D3B9751EB9EAE5003A6EB8 /* CustomCollectionViewCell.m */; };
		84D3B9791EBA220B003A6EB8 /* DownloadImageService.m in Sources */ = {isa = PBXBuildFile; fileRef = 84D3B9781EBA220B003A6EB8 /* DownloadImageService.m */; };
		84D3B97C1EBA4BFE003A6EB8 /* DetailFotoViewController.m in Sources */ = {isa = PBXBuildFile; fileRef = 84D3B97B1EBA4BFE003A6EB8 /* DetailFotoViewController.m */; };
/* End PBXBuildFile section */

/* Begin PBXContainerItemProxy section */
		841B11BC1EB4D43100B441DE /* PBXContainerItemProxy */ = {
			isa = PBXContainerItemProxy;
			containerPortal = 841B119A1EB4D43100B441DE /* Project object */;
			proxyType = 1;
			remoteGlobalIDString = 841B11A11EB4D43100B441DE;
			remoteInfo = JSONPlaceholder;
		};
/* End PBXContainerItemProxy section */

/* Begin PBXFileReference section */
		841B11A21EB4D43100B441DE /* JSONPlaceholder.app */ = {isa = PBXFileReference; explicitFileType = wrapper.application; includeInIndex = 0; path = JSONPlaceholder.app; sourceTree = BUILT_PRODUCTS_DIR; };
		841B11A61EB4D43100B441DE /* Info.plist */ = {isa = PBXFileReference; lastKnownFileType = text.plist.xml; path = Info.plist; sourceTree = "<group>"; };
		841B11A71EB4D43100B441DE /* main.m */ = {isa = PBXFileReference; lastKnownFileType = sourcecode.c.objc; path = main.m; sourceTree = "<group>"; };
		841B11B01EB4D43100B441DE /* Base */ = {isa = PBXFileReference; lastKnownFileType = file.storyboard; name = Base; path = Base.lproj/Main.storyboard; sourceTree = "<group>"; };
		841B11B21EB4D43100B441DE /* Images.xcassets */ = {isa = PBXFileReference; lastKnownFileType = folder.assetcatalog; path = Images.xcassets; sourceTree = "<group>"; };
		841B11B51EB4D43100B441DE /* Base */ = {isa = PBXFileReference; lastKnownFileType = file.xib; name = Base; path = Base.lproj/LaunchScreen.xib; sourceTree = "<group>"; };
		841B11BB1EB4D43100B441DE /* JSONPlaceholderTests.xctest */ = {isa = PBXFileReference; explicitFileType = wrapper.cfbundle; includeInIndex = 0; path = JSONPlaceholderTests.xctest; sourceTree = BUILT_PRODUCTS_DIR; };
		841B11C01EB4D43200B441DE /* Info.plist */ = {isa = PBXFileReference; lastKnownFileType = text.plist.xml; path = Info.plist; sourceTree = "<group>"; };
		841B11C11EB4D43200B441DE /* JSONPlaceholderTests.m */ = {isa = PBXFileReference; lastKnownFileType = sourcecode.c.objc; path = JSONPlaceholderTests.m; sourceTree = "<group>"; };
		841B11FD1EB52A8900B441DE /* TransportLayer.h */ = {isa = PBXFileReference; fileEncoding = 4; lastKnownFileType = sourcecode.c.h; path = TransportLayer.h; sourceTree = "<group>"; };
		841B11FE1EB52A8900B441DE /* TransportLayer.m */ = {isa = PBXFileReference; fileEncoding = 4; lastKnownFileType = sourcecode.c.objc; path = TransportLayer.m; sourceTree = "<group>"; };
		841B12011EB52B9000B441DE /* AlbumsService.h */ = {isa = PBXFileReference; fileEncoding = 4; lastKnownFileType = sourcecode.c.h; path = AlbumsService.h; sourceTree = "<group>"; };
		841B12021EB52B9000B441DE /* AlbumsService.m */ = {isa = PBXFileReference; fileEncoding = 4; lastKnownFileType = sourcecode.c.objc; path = AlbumsService.m; sourceTree = "<group>"; };
		841B12031EB52B9000B441DE /* ComentsService.h */ = {isa = PBXFileReference; fileEncoding = 4; lastKnownFileType = sourcecode.c.h; path = ComentsService.h; sourceTree = "<group>"; };
		841B12041EB52B9000B441DE /* ComentsService.m */ = {isa = PBXFileReference; fileEncoding = 4; lastKnownFileType = sourcecode.c.objc; path = ComentsService.m; sourceTree = "<group>"; };
		841B12051EB52B9000B441DE /* PhotosService.h */ = {isa = PBXFileReference; fileEncoding = 4; lastKnownFileType = sourcecode.c.h; path = PhotosService.h; sourceTree = "<group>"; };
		841B12061EB52B9000B441DE /* PhotosService.m */ = {isa = PBXFileReference; fileEncoding = 4; lastKnownFileType = sourcecode.c.objc; path = PhotosService.m; sourceTree = "<group>"; };
		841B12071EB52B9000B441DE /* PostsService.h */ = {isa = PBXFileReference; fileEncoding = 4; lastKnownFileType = sourcecode.c.h; path = PostsService.h; sourceTree = "<group>"; };
		841B12081EB52B9000B441DE /* PostsService.m */ = {isa = PBXFileReference; fileEncoding = 4; lastKnownFileType = sourcecode.c.objc; path = PostsService.m; sourceTree = "<group>"; };
		841B12091EB52B9000B441DE /* ServiceProtocol.h */ = {isa = PBXFileReference; fileEncoding = 4; lastKnownFileType = sourcecode.c.h; path = ServiceProtocol.h; sourceTree = "<group>"; };
		841B120A1EB52B9000B441DE /* TodosService.h */ = {isa = PBXFileReference; fileEncoding = 4; lastKnownFileType = sourcecode.c.h; path = TodosService.h; sourceTree = "<group>"; };
		841B120B1EB52B9000B441DE /* TodosService.m */ = {isa = PBXFileReference; fileEncoding = 4; lastKnownFileType = sourcecode.c.objc; path = TodosService.m; sourceTree = "<group>"; };
		841B120C1EB52B9000B441DE /* UsersService.h */ = {isa = PBXFileReference; fileEncoding = 4; lastKnownFileType = sourcecode.c.h; path = UsersService.h; sourceTree = "<group>"; };
		841B120D1EB52B9000B441DE /* UsersService.m */ = {isa = PBXFileReference; fileEncoding = 4; lastKnownFileType = sourcecode.c.objc; path = UsersService.m; sourceTree = "<group>"; };
		841B12151EB52B9900B441DE /* Address.h */ = {isa = PBXFileReference; fileEncoding = 4; lastKnownFileType = sourcecode.c.h; path = Address.h; sourceTree = "<group>"; };
		841B12161EB52B9900B441DE /* Address.m */ = {isa = PBXFileReference; fileEncoding = 4; lastKnownFileType = sourcecode.c.objc; path = Address.m; sourceTree = "<group>"; };
		841B12171EB52B9900B441DE /* Album.h */ = {isa = PBXFileReference; fileEncoding = 4; lastKnownFileType = sourcecode.c.h; path = Album.h; sourceTree = "<group>"; };
		841B12181EB52B9900B441DE /* Album.m */ = {isa = PBXFileReference; fileEncoding = 4; lastKnownFileType = sourcecode.c.objc; path = Album.m; sourceTree = "<group>"; };
		841B12191EB52B9900B441DE /* Comment.h */ = {isa = PBXFileReference; fileEncoding = 4; lastKnownFileType = sourcecode.c.h; path = Comment.h; sourceTree = "<group>"; };
		841B121A1EB52B9900B441DE /* Comment.m */ = {isa = PBXFileReference; fileEncoding = 4; lastKnownFileType = sourcecode.c.objc; path = Comment.m; sourceTree = "<group>"; };
		841B121B1EB52B9900B441DE /* Company.h */ = {isa = PBXFileReference; fileEncoding = 4; lastKnownFileType = sourcecode.c.h; path = Company.h; sourceTree = "<group>"; };
		841B121C1EB52B9900B441DE /* Company.m */ = {isa = PBXFileReference; fileEncoding = 4; lastKnownFileType = sourcecode.c.objc; path = Company.m; sourceTree = "<group>"; };
		841B121D1EB52B9900B441DE /* ModelProtocol.h */ = {isa = PBXFileReference; fileEncoding = 4; lastKnownFileType = sourcecode.c.h; path = ModelProtocol.h; sourceTree = "<group>"; };
		841B121E1EB52B9900B441DE /* Photo.h */ = {isa = PBXFileReference; fileEncoding = 4; lastKnownFileType = sourcecode.c.h; path = Photo.h; sourceTree = "<group>"; };
		841B121F1EB52B9900B441DE /* Photo.m */ = {isa = PBXFileReference; fileEncoding = 4; lastKnownFileType = sourcecode.c.objc; path = Photo.m; sourceTree = "<group>"; };
		841B12201EB52B9900B441DE /* Post.h */ = {isa = PBXFileReference; fileEncoding = 4; lastKnownFileType = sourcecode.c.h; path = Post.h; sourceTree = "<group>"; };
		841B12211EB52B9900B441DE /* Post.m */ = {isa = PBXFileReference; fileEncoding = 4; lastKnownFileType = sourcecode.c.objc; path = Post.m; sourceTree = "<group>"; };
		841B12221EB52B9900B441DE /* Todo.h */ = {isa = PBXFileReference; fileEncoding = 4; lastKnownFileType = sourcecode.c.h; path = Todo.h; sourceTree = "<group>"; };
		841B12231EB52B9900B441DE /* Todo.m */ = {isa = PBXFileReference; fileEncoding = 4; lastKnownFileType = sourcecode.c.objc; path = Todo.m; sourceTree = "<group>"; };
		841B12241EB52B9900B441DE /* User.h */ = {isa = PBXFileReference; fileEncoding = 4; lastKnownFileType = sourcecode.c.h; path = User.h; sourceTree = "<group>"; };
		841B12251EB52B9900B441DE /* User.m */ = {isa = PBXFileReference; fileEncoding = 4; lastKnownFileType = sourcecode.c.objc; path = User.m; sourceTree = "<group>"; };
		841B122F1EB52BA400B441DE /* UsersListViewController.h */ = {isa = PBXFileReference; fileEncoding = 4; lastKnownFileType = sourcecode.c.h; path = UsersListViewController.h; sourceTree = "<group>"; };
		841B12301EB52BA400B441DE /* UsersListViewController.m */ = {isa = PBXFileReference; fileEncoding = 4; lastKnownFileType = sourcecode.c.objc; path = UsersListViewController.m; sourceTree = "<group>"; };
		841B12331EB52BAA00B441DE /* AppDelegate.h */ = {isa = PBXFileReference; fileEncoding = 4; lastKnownFileType = sourcecode.c.h; path = AppDelegate.h; sourceTree = "<group>"; };
		841B12341EB52BAA00B441DE /* AppDelegate.m */ = {isa = PBXFileReference; fileEncoding = 4; lastKnownFileType = sourcecode.c.objc; path = AppDelegate.m; sourceTree = "<group>"; };
		841B12371EB5459D00B441DE /* Constants.h */ = {isa = PBXFileReference; fileEncoding = 4; lastKnownFileType = sourcecode.c.h; path = Constants.h; sourceTree = "<group>"; };
		841B12381EB5459D00B441DE /* Constants.m */ = {isa = PBXFileReference; fileEncoding = 4; lastKnownFileType = sourcecode.c.objc; path = Constants.m; sourceTree = "<group>"; };
		841B123A1EB5464800B441DE /* PrefixHeader.pch */ = {isa = PBXFileReference; lastKnownFileType = sourcecode.c.h; path = PrefixHeader.pch; sourceTree = "<group>"; };
		84A874001EB65A7D0084E031 /* DetailUserViewController.h */ = {isa = PBXFileReference; fileEncoding = 4; lastKnownFileType = sourcecode.c.h; path = DetailUserViewController.h; sourceTree = "<group>"; };
		84A874011EB65A7D0084E031 /* DetailUserViewController.m */ = {isa = PBXFileReference; fileEncoding = 4; lastKnownFileType = sourcecode.c.objc; path = DetailUserViewController.m; sourceTree = "<group>"; };
		84D3B9581EB8CC94003A6EB8 /* CommentsViewController.h */ = {isa = PBXFileReference; fileEncoding = 4; lastKnownFileType = sourcecode.c.h; path = CommentsViewController.h; sourceTree = "<group>"; };
		84D3B9591EB8CC94003A6EB8 /* CommentsViewController.m */ = {isa = PBXFileReference; fileEncoding = 4; lastKnownFileType = sourcecode.c.objc; path = CommentsViewController.m; sourceTree = "<group>"; };
		84D3B95B1EB8E679003A6EB8 /* PostsViewController.h */ = {isa = PBXFileReference; fileEncoding = 4; lastKnownFileType = sourcecode.c.h; path = PostsViewController.h; sourceTree = "<group>"; };
		84D3B95C1EB8E679003A6EB8 /* PostsViewController.m */ = {isa = PBXFileReference; fileEncoding = 4; lastKnownFileType = sourcecode.c.objc; path = PostsViewController.m; sourceTree = "<group>"; };
		84D3B9601EB910D0003A6EB8 /* ru */ = {isa = PBXFileReference; lastKnownFileType = text.plist.strings; name = ru; path = ru.lproj/Main.strings; sourceTree = "<group>"; };
		84D3B9661EB95647003A6EB8 /* AlbumsViewController.h */ = {isa = PBXFileReference; fileEncoding = 4; lastKnownFileType = sourcecode.c.h; path = AlbumsViewController.h; sourceTree = "<group>"; };
		84D3B9671EB95647003A6EB8 /* AlbumsViewController.m */ = {isa = PBXFileReference; fileEncoding = 4; lastKnownFileType = sourcecode.c.objc; path = AlbumsViewController.m; sourceTree = "<group>"; };
		84D3B96C1EB95F0C003A6EB8 /* PhotosViewController.h */ = {isa = PBXFileReference; fileEncoding = 4; lastKnownFileType = sourcecode.c.h; path = PhotosViewController.h; sourceTree = "<group>"; };
		84D3B96D1EB95F0C003A6EB8 /* PhotosViewController.m */ = {isa = PBXFileReference; fileEncoding = 4; lastKnownFileType = sourcecode.c.objc; path = PhotosViewController.m; sourceTree = "<group>"; };
		84D3B9741EB9EAE5003A6EB8 /* CustomCollectionViewCell.h */ = {isa = PBXFileReference; fileEncoding = 4; lastKnownFileType = sourcecode.c.h; path = CustomCollectionViewCell.h; sourceTree = "<group>"; };
		84D3B9751EB9EAE5003A6EB8 /* CustomCollectionViewCell.m */ = {isa = PBXFileReference; fileEncoding = 4; lastKnownFileType = sourcecode.c.objc; path = CustomCollectionViewCell.m; sourceTree = "<group>"; };
		84D3B9771EBA220B003A6EB8 /* DownloadImageService.h */ = {isa = PBXFileReference; fileEncoding = 4; lastKnownFileType = sourcecode.c.h; path = DownloadImageService.h; sourceTree = "<group>"; };
		84D3B9781EBA220B003A6EB8 /* DownloadImageService.m */ = {isa = PBXFileReference; fileEncoding = 4; lastKnownFileType = sourcecode.c.objc; path = DownloadImageService.m; sourceTree = "<group>"; };
		84D3B97A1EBA4BFE003A6EB8 /* DetailFotoViewController.h */ = {isa = PBXFileReference; fileEncoding = 4; lastKnownFileType = sourcecode.c.h; path = DetailFotoViewController.h; sourceTree = "<group>"; };
		84D3B97B1EBA4BFE003A6EB8 /* DetailFotoViewController.m */ = {isa = PBXFileReference; fileEncoding = 4; lastKnownFileType = sourcecode.c.objc; path = DetailFotoViewController.m; sourceTree = "<group>"; };
/* End PBXFileReference section */

/* Begin PBXFrameworksBuildPhase section */
		841B119F1EB4D43100B441DE /* Frameworks */ = {
			isa = PBXFrameworksBuildPhase;
			buildActionMask = 2147483647;
			files = (
			);
			runOnlyForDeploymentPostprocessing = 0;
		};
		841B11B81EB4D43100B441DE /* Frameworks */ = {
			isa = PBXFrameworksBuildPhase;
			buildActionMask = 2147483647;
			files = (
			);
			runOnlyForDeploymentPostprocessing = 0;
		};
/* End PBXFrameworksBuildPhase section */

/* Begin PBXGroup section */
		841B11991EB4D43100B441DE = {
			isa = PBXGroup;
			children = (
				841B11A41EB4D43100B441DE /* JSONPlaceholder */,
				841B11BE1EB4D43100B441DE /* JSONPlaceholderTests */,
				841B11A31EB4D43100B441DE /* Products */,
			);
			sourceTree = "<group>";
		};
		841B11A31EB4D43100B441DE /* Products */ = {
			isa = PBXGroup;
			children = (
				841B11A21EB4D43100B441DE /* JSONPlaceholder.app */,
				841B11BB1EB4D43100B441DE /* JSONPlaceholderTests.xctest */,
			);
			name = Products;
			sourceTree = "<group>";
		};
		841B11A41EB4D43100B441DE /* JSONPlaceholder */ = {
			isa = PBXGroup;
			children = (
				84D3B9731EB9EAE5003A6EB8 /* Views */,
				841B12361EB5455E00B441DE /* Resourses */,
				841B12141EB52B9900B441DE /* Models */,
				841B12001EB52B9000B441DE /* Service */,
				841B11FC1EB527E500B441DE /* Transport */,
				841B122E1EB52BA400B441DE /* Controllers */,
				841B12321EB52BAA00B441DE /* Application */,
				841B11AF1EB4D43100B441DE /* Main.storyboard */,
				841B11A51EB4D43100B441DE /* Supporting Files */,
			);
			path = JSONPlaceholder;
			sourceTree = "<group>";
		};
		841B11A51EB4D43100B441DE /* Supporting Files */ = {
			isa = PBXGroup;
			children = (
				841B11B21EB4D43100B441DE /* Images.xcassets */,
				841B11B41EB4D43100B441DE /* LaunchScreen.xib */,
				841B11A61EB4D43100B441DE /* Info.plist */,
				841B11A71EB4D43100B441DE /* main.m */,
				841B123A1EB5464800B441DE /* PrefixHeader.pch */,
			);
			name = "Supporting Files";
			sourceTree = "<group>";
		};
		841B11BE1EB4D43100B441DE /* JSONPlaceholderTests */ = {
			isa = PBXGroup;
			children = (
				841B11C11EB4D43200B441DE /* JSONPlaceholderTests.m */,
				841B11BF1EB4D43200B441DE /* Supporting Files */,
			);
			path = JSONPlaceholderTests;
			sourceTree = "<group>";
		};
		841B11BF1EB4D43200B441DE /* Supporting Files */ = {
			isa = PBXGroup;
			children = (
				841B11C01EB4D43200B441DE /* Info.plist */,
			);
			name = "Supporting Files";
			sourceTree = "<group>";
		};
		841B11FC1EB527E500B441DE /* Transport */ = {
			isa = PBXGroup;
			children = (
				841B11FD1EB52A8900B441DE /* TransportLayer.h */,
				841B11FE1EB52A8900B441DE /* TransportLayer.m */,
			);
			path = Transport;
			sourceTree = "<group>";
		};
		841B12001EB52B9000B441DE /* Service */ = {
			isa = PBXGroup;
			children = (
				841B12091EB52B9000B441DE /* ServiceProtocol.h */,
				841B12011EB52B9000B441DE /* AlbumsService.h */,
				841B12021EB52B9000B441DE /* AlbumsService.m */,
				841B12031EB52B9000B441DE /* ComentsService.h */,
				841B12041EB52B9000B441DE /* ComentsService.m */,
				841B12051EB52B9000B441DE /* PhotosService.h */,
				841B12061EB52B9000B441DE /* PhotosService.m */,
				841B12071EB52B9000B441DE /* PostsService.h */,
				841B12081EB52B9000B441DE /* PostsService.m */,
				841B120A1EB52B9000B441DE /* TodosService.h */,
				841B120B1EB52B9000B441DE /* TodosService.m */,
				841B120C1EB52B9000B441DE /* UsersService.h */,
				841B120D1EB52B9000B441DE /* UsersService.m */,
				84D3B9771EBA220B003A6EB8 /* DownloadImageService.h */,
				84D3B9781EBA220B003A6EB8 /* DownloadImageService.m */,
			);
			path = Service;
			sourceTree = "<group>";
		};
		841B12141EB52B9900B441DE /* Models */ = {
			isa = PBXGroup;
			children = (
				841B121D1EB52B9900B441DE /* ModelProtocol.h */,
				841B12171EB52B9900B441DE /* Album.h */,
				841B12181EB52B9900B441DE /* Album.m */,
				841B121E1EB52B9900B441DE /* Photo.h */,
				841B121F1EB52B9900B441DE /* Photo.m */,
				841B12201EB52B9900B441DE /* Post.h */,
				841B12211EB52B9900B441DE /* Post.m */,
				841B12191EB52B9900B441DE /* Comment.h */,
				841B121A1EB52B9900B441DE /* Comment.m */,
				841B12221EB52B9900B441DE /* Todo.h */,
				841B12231EB52B9900B441DE /* Todo.m */,
				841B12241EB52B9900B441DE /* User.h */,
				841B12251EB52B9900B441DE /* User.m */,
				841B12151EB52B9900B441DE /* Address.h */,
				841B12161EB52B9900B441DE /* Address.m */,
				841B121B1EB52B9900B441DE /* Company.h */,
				841B121C1EB52B9900B441DE /* Company.m */,
			);
			path = Models;
			sourceTree = "<group>";
		};
		841B122E1EB52BA400B441DE /* Controllers */ = {
			isa = PBXGroup;
			children = (
				841B122F1EB52BA400B441DE /* UsersListViewController.h */,
				841B12301EB52BA400B441DE /* UsersListViewController.m */,
				84A874001EB65A7D0084E031 /* DetailUserViewController.h */,
				84A874011EB65A7D0084E031 /* DetailUserViewController.m */,
				84D3B95B1EB8E679003A6EB8 /* PostsViewController.h */,
				84D3B95C1EB8E679003A6EB8 /* PostsViewController.m */,
				84D3B9581EB8CC94003A6EB8 /* CommentsViewController.h */,
				84D3B9591EB8CC94003A6EB8 /* CommentsViewController.m */,
				84D3B9661EB95647003A6EB8 /* AlbumsViewController.h */,
				84D3B9671EB95647003A6EB8 /* AlbumsViewController.m */,
				84D3B96C1EB95F0C003A6EB8 /* PhotosViewController.h */,
				84D3B96D1EB95F0C003A6EB8 /* PhotosViewController.m */,
				84D3B97A1EBA4BFE003A6EB8 /* DetailFotoViewController.h */,
				84D3B97B1EBA4BFE003A6EB8 /* DetailFotoViewController.m */,
			);
			path = Controllers;
			sourceTree = "<group>";
		};
		841B12321EB52BAA00B441DE /* Application */ = {
			isa = PBXGroup;
			children = (
				841B12331EB52BAA00B441DE /* AppDelegate.h */,
				841B12341EB52BAA00B441DE /* AppDelegate.m */,
			);
			path = Application;
			sourceTree = "<group>";
		};
		841B12361EB5455E00B441DE /* Resourses */ = {
			isa = PBXGroup;
			children = (
				841B12371EB5459D00B441DE /* Constants.h */,
				841B12381EB5459D00B441DE /* Constants.m */,
			);
			path = Resourses;
			sourceTree = "<group>";
		};
		84D3B9731EB9EAE5003A6EB8 /* Views */ = {
			isa = PBXGroup;
			children = (
				84D3B9741EB9EAE5003A6EB8 /* CustomCollectionViewCell.h */,
				84D3B9751EB9EAE5003A6EB8 /* CustomCollectionViewCell.m */,
			);
			path = Views;
			sourceTree = "<group>";
		};
/* End PBXGroup section */

/* Begin PBXNativeTarget section */
		841B11A11EB4D43100B441DE /* JSONPlaceholder */ = {
			isa = PBXNativeTarget;
			buildConfigurationList = 841B11C51EB4D43200B441DE /* Build configuration list for PBXNativeTarget "JSONPlaceholder" */;
			buildPhases = (
				841B119E1EB4D43100B441DE /* Sources */,
				841B119F1EB4D43100B441DE /* Frameworks */,
				841B11A01EB4D43100B441DE /* Resources */,
			);
			buildRules = (
			);
			dependencies = (
			);
			name = JSONPlaceholder;
			productName = JSONPlaceholder;
			productReference = 841B11A21EB4D43100B441DE /* JSONPlaceholder.app */;
			productType = "com.apple.product-type.application";
		};
		841B11BA1EB4D43100B441DE /* JSONPlaceholderTests */ = {
			isa = PBXNativeTarget;
			buildConfigurationList = 841B11C81EB4D43200B441DE /* Build configuration list for PBXNativeTarget "JSONPlaceholderTests" */;
			buildPhases = (
				841B11B71EB4D43100B441DE /* Sources */,
				841B11B81EB4D43100B441DE /* Frameworks */,
				841B11B91EB4D43100B441DE /* Resources */,
			);
			buildRules = (
			);
			dependencies = (
				841B11BD1EB4D43100B441DE /* PBXTargetDependency */,
			);
			name = JSONPlaceholderTests;
			productName = JSONPlaceholderTests;
			productReference = 841B11BB1EB4D43100B441DE /* JSONPlaceholderTests.xctest */;
			productType = "com.apple.product-type.bundle.unit-test";
		};
/* End PBXNativeTarget section */

/* Begin PBXProject section */
		841B119A1EB4D43100B441DE /* Project object */ = {
			isa = PBXProject;
			attributes = {
				LastUpgradeCheck = 0620;
				ORGANIZATIONNAME = "Eduard Kalinin";
				TargetAttributes = {
					841B11A11EB4D43100B441DE = {
						CreatedOnToolsVersion = 6.2;
					};
					841B11BA1EB4D43100B441DE = {
						CreatedOnToolsVersion = 6.2;
						TestTargetID = 841B11A11EB4D43100B441DE;
					};
				};
			};
			buildConfigurationList = 841B119D1EB4D43100B441DE /* Build configuration list for PBXProject "JSONPlaceholder" */;
			compatibilityVersion = "Xcode 3.2";
			developmentRegion = English;
			hasScannedForEncodings = 0;
			knownRegions = (
				en,
				Base,
			);
			mainGroup = 841B11991EB4D43100B441DE;
			productRefGroup = 841B11A31EB4D43100B441DE /* Products */;
			projectDirPath = "";
			projectRoot = "";
			targets = (
				841B11A11EB4D43100B441DE /* JSONPlaceholder */,
				841B11BA1EB4D43100B441DE /* JSONPlaceholderTests */,
			);
		};
/* End PBXProject section */

/* Begin PBXResourcesBuildPhase section */
		841B11A01EB4D43100B441DE /* Resources */ = {
			isa = PBXResourcesBuildPhase;
			buildActionMask = 2147483647;
			files = (
				841B11B11EB4D43100B441DE /* Main.storyboard in Resources */,
				841B11B61EB4D43100B441DE /* LaunchScreen.xib in Resources */,
				841B11B31EB4D43100B441DE /* Images.xcassets in Resources */,
			);
			runOnlyForDeploymentPostprocessing = 0;
		};
		841B11B91EB4D43100B441DE /* Resources */ = {
			isa = PBXResourcesBuildPhase;
			buildActionMask = 2147483647;
			files = (
			);
			runOnlyForDeploymentPostprocessing = 0;
		};
/* End PBXResourcesBuildPhase section */

/* Begin PBXSourcesBuildPhase section */
		841B119E1EB4D43100B441DE /* Sources */ = {
			isa = PBXSourcesBuildPhase;
			buildActionMask = 2147483647;
			files = (
				841B12311EB52BA400B441DE /* UsersListViewController.m in Sources */,
				841B122D1EB52B9900B441DE /* User.m in Sources */,
				841B12351EB52BAA00B441DE /* AppDelegate.m in Sources */,
				841B12261EB52B9900B441DE /* Address.m in Sources */,
				841B12121EB52B9000B441DE /* TodosService.m in Sources */,
				84D3B95A1EB8CC94003A6EB8 /* CommentsViewController.m in Sources */,
				84D3B97C1EBA4BFE003A6EB8 /* DetailFotoViewController.m in Sources */,
				841B11FF1EB52A8900B441DE /* TransportLayer.m in Sources */,
				84A874021EB65A7D0084E031 /* DetailUserViewController.m in Sources */,
				841B12281EB52B9900B441DE /* Comment.m in Sources */,
				84D3B9761EB9EAE5003A6EB8 /* CustomCollectionViewCell.m in Sources */,
				84D3B9681EB95647003A6EB8 /* AlbumsViewController.m in Sources */,
				841B122A1EB52B9900B441DE /* Photo.m in Sources */,
				841B12271EB52B9900B441DE /* Album.m in Sources */,
				841B12101EB52B9000B441DE /* PhotosService.m in Sources */,
				84D3B96E1EB95F0C003A6EB8 /* PhotosViewController.m in Sources */,
				841B120F1EB52B9000B441DE /* ComentsService.m in Sources */,
				841B12291EB52B9900B441DE /* Company.m in Sources */,
				841B12131EB52B9000B441DE /* UsersService.m in Sources */,
				841B122C1EB52B9900B441DE /* Todo.m in Sources */,
				841B120E1EB52B9000B441DE /* AlbumsService.m in Sources */,
				841B11A81EB4D43100B441DE /* main.m in Sources */,
				84D3B9791EBA220B003A6EB8 /* DownloadImageService.m in Sources */,
				841B12111EB52B9000B441DE /* PostsService.m in Sources */,
				841B122B1EB52B9900B441DE /* Post.m in Sources */,
				84D3B95D1EB8E679003A6EB8 /* PostsViewController.m in Sources */,
				841B12391EB5459D00B441DE /* Constants.m in Sources */,
			);
			runOnlyForDeploymentPostprocessing = 0;
		};
		841B11B71EB4D43100B441DE /* Sources */ = {
			isa = PBXSourcesBuildPhase;
			buildActionMask = 2147483647;
			files = (
				841B11C21EB4D43200B441DE /* JSONPlaceholderTests.m in Sources */,
			);
			runOnlyForDeploymentPostprocessing = 0;
		};
/* End PBXSourcesBuildPhase section */

/* Begin PBXTargetDependency section */
		841B11BD1EB4D43100B441DE /* PBXTargetDependency */ = {
			isa = PBXTargetDependency;
			target = 841B11A11EB4D43100B441DE /* JSONPlaceholder */;
			targetProxy = 841B11BC1EB4D43100B441DE /* PBXContainerItemProxy */;
		};
/* End PBXTargetDependency section */

/* Begin PBXVariantGroup section */
		841B11AF1EB4D43100B441DE /* Main.storyboard */ = {
			isa = PBXVariantGroup;
			children = (
				841B11B01EB4D43100B441DE /* Base */,
				84D3B9601EB910D0003A6EB8 /* ru */,
			);
			name = Main.storyboard;
			sourceTree = "<group>";
		};
		841B11B41EB4D43100B441DE /* LaunchScreen.xib */ = {
			isa = PBXVariantGroup;
			children = (
				841B11B51EB4D43100B441DE /* Base */,
			);
			name = LaunchScreen.xib;
			sourceTree = "<group>";
		};
/* End PBXVariantGroup section */

/* Begin XCBuildConfiguration section */
		841B11C31EB4D43200B441DE /* Debug */ = {
			isa = XCBuildConfiguration;
			buildSettings = {
				ALWAYS_SEARCH_USER_PATHS = NO;
				CLANG_CXX_LANGUAGE_STANDARD = "gnu++0x";
				CLANG_CXX_LIBRARY = "libc++";
				CLANG_ENABLE_MODULES = YES;
				CLANG_ENABLE_OBJC_ARC = YES;
				CLANG_WARN_BOOL_CONVERSION = YES;
				CLANG_WARN_CONSTANT_CONVERSION = YES;
				CLANG_WARN_DIRECT_OBJC_ISA_USAGE = YES_ERROR;
				CLANG_WARN_EMPTY_BODY = YES;
				CLANG_WARN_ENUM_CONVERSION = YES;
				CLANG_WARN_INT_CONVERSION = YES;
				CLANG_WARN_OBJC_ROOT_CLASS = YES_ERROR;
				CLANG_WARN_UNREACHABLE_CODE = YES;
				CLANG_WARN__DUPLICATE_METHOD_MATCH = YES;
				"CODE_SIGN_IDENTITY[sdk=iphoneos*]" = "iPhone Developer";
				COPY_PHASE_STRIP = NO;
				ENABLE_STRICT_OBJC_MSGSEND = YES;
				GCC_C_LANGUAGE_STANDARD = gnu99;
				GCC_DYNAMIC_NO_PIC = NO;
				GCC_OPTIMIZATION_LEVEL = 0;
				GCC_PREPROCESSOR_DEFINITIONS = (
					"DEBUG=1",
					"$(inherited)",
				);
				GCC_SYMBOLS_PRIVATE_EXTERN = NO;
				GCC_WARN_64_TO_32_BIT_CONVERSION = YES;
				GCC_WARN_ABOUT_RETURN_TYPE = YES_ERROR;
				GCC_WARN_UNDECLARED_SELECTOR = YES;
				GCC_WARN_UNINITIALIZED_AUTOS = YES_AGGRESSIVE;
				GCC_WARN_UNUSED_FUNCTION = YES;
				GCC_WARN_UNUSED_VARIABLE = YES;
				IPHONEOS_DEPLOYMENT_TARGET = 8.2;
				MTL_ENABLE_DEBUG_INFO = YES;
				ONLY_ACTIVE_ARCH = YES;
				SDKROOT = iphoneos;
				TARGETED_DEVICE_FAMILY = "1,2";
			};
			name = Debug;
		};
		841B11C41EB4D43200B441DE /* Release */ = {
			isa = XCBuildConfiguration;
			buildSettings = {
				ALWAYS_SEARCH_USER_PATHS = NO;
				CLANG_CXX_LANGUAGE_STANDARD = "gnu++0x";
				CLANG_CXX_LIBRARY = "libc++";
				CLANG_ENABLE_MODULES = YES;
				CLANG_ENABLE_OBJC_ARC = YES;
				CLANG_WARN_BOOL_CONVERSION = YES;
				CLANG_WARN_CONSTANT_CONVERSION = YES;
				CLANG_WARN_DIRECT_OBJC_ISA_USAGE = YES_ERROR;
				CLANG_WARN_EMPTY_BODY = YES;
				CLANG_WARN_ENUM_CONVERSION = YES;
				CLANG_WARN_INT_CONVERSION = YES;
				CLANG_WARN_OBJC_ROOT_CLASS = YES_ERROR;
				CLANG_WARN_UNREACHABLE_CODE = YES;
				CLANG_WARN__DUPLICATE_METHOD_MATCH = YES;
				"CODE_SIGN_IDENTITY[sdk=iphoneos*]" = "iPhone Developer";
				COPY_PHASE_STRIP = NO;
				ENABLE_NS_ASSERTIONS = NO;
				ENABLE_STRICT_OBJC_MSGSEND = YES;
				GCC_C_LANGUAGE_STANDARD = gnu99;
				GCC_WARN_64_TO_32_BIT_CONVERSION = YES;
				GCC_WARN_ABOUT_RETURN_TYPE = YES_ERROR;
				GCC_WARN_UNDECLARED_SELECTOR = YES;
				GCC_WARN_UNINITIALIZED_AUTOS = YES_AGGRESSIVE;
				GCC_WARN_UNUSED_FUNCTION = YES;
				GCC_WARN_UNUSED_VARIABLE = YES;
				IPHONEOS_DEPLOYMENT_TARGET = 8.2;
				MTL_ENABLE_DEBUG_INFO = NO;
				SDKROOT = iphoneos;
				TARGETED_DEVICE_FAMILY = "1,2";
				VALIDATE_PRODUCT = YES;
			};
			name = Release;
		};
		841B11C61EB4D43200B441DE /* Debug */ = {
			isa = XCBuildConfiguration;
			buildSettings = {
				ASSETCATALOG_COMPILER_APPICON_NAME = AppIcon;
				GCC_PRECOMPILE_PREFIX_HEADER = YES;
				GCC_PREFIX_HEADER = JSONPlaceholder/PrefixHeader.pch;
				INFOPLIST_FILE = JSONPlaceholder/Info.plist;
				LD_RUNPATH_SEARCH_PATHS = "$(inherited) @executable_path/Frameworks";
				PRODUCT_NAME = "$(TARGET_NAME)";
			};
			name = Debug;
		};
		841B11C71EB4D43200B441DE /* Release */ = {
			isa = XCBuildConfiguration;
			buildSettings = {
				ASSETCATALOG_COMPILER_APPICON_NAME = AppIcon;
				GCC_PRECOMPILE_PREFIX_HEADER = YES;
				GCC_PREFIX_HEADER = JSONPlaceholder/PrefixHeader.pch;
				INFOPLIST_FILE = JSONPlaceholder/Info.plist;
				LD_RUNPATH_SEARCH_PATHS = "$(inherited) @executable_path/Frameworks";
				PRODUCT_NAME = "$(TARGET_NAME)";
			};
			name = Release;
		};
		841B11C91EB4D43200B441DE /* Debug */ = {
			isa = XCBuildConfiguration;
			buildSettings = {
				BUNDLE_LOADER = "$(TEST_HOST)";
				FRAMEWORK_SEARCH_PATHS = (
					"$(SDKROOT)/Developer/Library/Frameworks",
					"$(inherited)",
				);
				GCC_PREPROCESSOR_DEFINITIONS = (
					"DEBUG=1",
					"$(inherited)",
				);
				INFOPLIST_FILE = JSONPlaceholderTests/Info.plist;
				LD_RUNPATH_SEARCH_PATHS = "$(inherited) @executable_path/Frameworks @loader_path/Frameworks";
				PRODUCT_NAME = "$(TARGET_NAME)";
				TEST_HOST = "$(BUILT_PRODUCTS_DIR)/JSONPlaceholder.app/JSONPlaceholder";
			};
			name = Debug;
		};
		841B11CA1EB4D43200B441DE /* Release */ = {
			isa = XCBuildConfiguration;
			buildSettings = {
				BUNDLE_LOADER = "$(TEST_HOST)";
				FRAMEWORK_SEARCH_PATHS = (
					"$(SDKROOT)/Developer/Library/Frameworks",
					"$(inherited)",
				);
				INFOPLIST_FILE = JSONPlaceholderTests/Info.plist;
				LD_RUNPATH_SEARCH_PATHS = "$(inherited) @executable_path/Frameworks @loader_path/Frameworks";
				PRODUCT_NAME = "$(TARGET_NAME)";
				TEST_HOST = "$(BUILT_PRODUCTS_DIR)/JSONPlaceholder.app/JSONPlaceholder";
			};
			name = Release;
		};
/* End XCBuildConfiguration section */

/* Begin XCConfigurationList section */
		841B119D1EB4D43100B441DE /* Build configuration list for PBXProject "JSONPlaceholder" */ = {
			isa = XCConfigurationList;
			buildConfigurations = (
				841B11C31EB4D43200B441DE /* Debug */,
				841B11C41EB4D43200B441DE /* Release */,
			);
			defaultConfigurationIsVisible = 0;
			defaultConfigurationName = Release;
		};
		841B11C51EB4D43200B441DE /* Build configuration list for PBXNativeTarget "JSONPlaceholder" */ = {
			isa = XCConfigurationList;
			buildConfigurations = (
				841B11C61EB4D43200B441DE /* Debug */,
				841B11C71EB4D43200B441DE /* Release */,
			);
			defaultConfigurationIsVisible = 0;
			defaultConfigurationName = Release;
		};
		841B11C81EB4D43200B441DE /* Build configuration list for PBXNativeTarget "JSONPlaceholderTests" */ = {
			isa = XCConfigurationList;
			buildConfigurations = (
				841B11C91EB4D43200B441DE /* Debug */,
				841B11CA1EB4D43200B441DE /* Release */,
			);
			defaultConfigurationIsVisible = 0;
			defaultConfigurationName = Release;
		};
/* End XCConfigurationList section */
	};
	rootObject = 841B119A1EB4D43100B441DE /* Project object */;
}
